<?xml version="1.0" encoding="utf-8"?>
<Project ToolsVersion="4.0" xmlns="http://schemas.microsoft.com/developer/msbuild/2003">
  <ItemGroup>
    <Filter Include="소스 파일">
      <UniqueIdentifier>{4FC737F1-C7A5-4376-A066-2A32D752A2FF}</UniqueIdentifier>
      <Extensions>cpp;c;cc;cxx;c++;cppm;ixx;def;odl;idl;hpj;bat;asm;asmx</Extensions>
    </Filter>
    <Filter Include="리소스 파일">
      <UniqueIdentifier>{67DA6AB6-F800-4c08-8B7A-83BB121AAD01}</UniqueIdentifier>
      <Extensions>rc;ico;cur;bmp;dlg;rc2;rct;bin;rgs;gif;jpg;jpeg;jpe;resx;tiff;tif;png;wav;mfcribbon-ms</Extensions>
    </Filter>
    <Filter Include="소스 파일\Utiles">
      <UniqueIdentifier>{b40e1bd5-1d1b-4c63-a750-17e312fd3f69}</UniqueIdentifier>
    </Filter>
    <Filter Include="소스 파일\Core">
      <UniqueIdentifier>{f48c8b37-0357-4676-b9b3-d0ffe14e8195}</UniqueIdentifier>
    </Filter>
    <Filter Include="소스 파일\Session">
      <UniqueIdentifier>{1c6a2443-1bf9-4a16-934b-fdad62a28b76}</UniqueIdentifier>
    </Filter>
    <Filter Include="소스 파일\Server">
      <UniqueIdentifier>{c94fc129-d6ad-42c6-89a4-93c7f3a2d5c3}</UniqueIdentifier>
    </Filter>
  </ItemGroup>
  <ItemGroup>
    <ClCompile Include="Core/OverlappedEx.cpp">
      <Filter>소스 파일</Filter>
    </ClCompile>
    <ClCompile Include="Utiles/ThreadManager.cpp">
      <Filter>소스 파일\Utiles</Filter>
    </ClCompile>
    <ClCompile Include="Utiles/ServerUtile.cpp">
      <Filter>소스 파일\Utiles</Filter>
    </ClCompile>
    <ClCompile Include="Session/Session.cpp">
      <Filter>소스 파일\Session</Filter>
    </ClCompile>
    <ClCompile Include="Session/SessionManager.cpp">
      <Filter>소스 파일\Session</Filter>
    </ClCompile>
    <ClCompile Include="Server/ChatServer.cpp">
      <Filter>소스 파일\Server</Filter>
    </ClCompile>
    <ClCompile Include="Server/Server.cpp">
      <Filter>소스 파일\Server</Filter>
    </ClCompile>
    <ClCompile Include="Core/CoreGlobal.cpp">
      <Filter>소스 파일\Core</Filter>
    </ClCompile>
    <ClCompile Include="Core/CorePch.cpp">
      <Filter>소스 파일\Core</Filter>
    </ClCompile>
    <ClCompile Include="Core/CoreTLS.cpp">
      <Filter>소스 파일\Core</Filter>
    </ClCompile>
  </ItemGroup>
  <ItemGroup>
    <ClInclude Include="Core/OverlappedEx.h" />
    <ClInclude Include="Utiles/Types.h">
      <Filter>소스 파일\Utiles</Filter>
    </ClInclude>
    <ClInclude Include="Utiles/ThreadManager.h">
      <Filter>소스 파일\Utiles</Filter>
    </ClInclude>
    <ClInclude Include="Utiles/ServerUtile.h">
      <Filter>소스 파일\Utiles</Filter>
    </ClInclude>
    <ClInclude Include="Session/Session.h">
      <Filter>소스 파일\Session</Filter>
    </ClInclude>
    <ClInclude Include="Session/SessionManager.h">
      <Filter>소스 파일\Session</Filter>
    </ClInclude>
    <ClInclude Include="Server/Server.h">
      <Filter>소스 파일\Server</Filter>
    </ClInclude>
    <ClInclude Include="Core/CoreGlobal.h">
      <Filter>소스 파일\Core</Filter>
    </ClInclude>
    <ClInclude Include="Core/CorePch.h">
      <Filter>소스 파일\Core</Filter>
    </ClInclude>
    <ClInclude Include="Core/CoreTLS.h">
      <Filter>소스 파일\Core</Filter>
    </ClInclude>
  </ItemGroup>
</Project>